
Microsoft Visual Studio Solution File, Format Version 12.00
# Visual Studio Version 17
VisualStudioVersion = 17.9.34622.214
MinimumVisualStudioVersion = 10.0.40219.1
Project("{FAE04EC0-301F-11D3-BF4B-00C04F79EFBC}") = "eval_zara1", "eval_zara1.csproj", "{EA3006BE-8E26-4ABB-A272-DC3A87A4B6B3}"
EndProject
Global
	GlobalSection(SolutionConfigurationPlatforms) = preSolution
		Debug|Any CPU = Debug|Any CPU
		Release|Any CPU = Release|Any CPU
	EndGlobalSection
	GlobalSection(ProjectConfigurationPlatforms) = postSolution
		{EA3006BE-8E26-4ABB-A272-DC3A87A4B6B3}.Debug|Any CPU.ActiveCfg = Debug|Any CPU
		{EA3006BE-8E26-4ABB-A272-DC3A87A4B6B3}.Debug|Any CPU.Build.0 = Debug|Any CPU
		{EA3006BE-8E26-4ABB-A272-DC3A87A4B6B3}.Release|Any CPU.ActiveCfg = Release|Any CPU
		{EA3006BE-8E26-4ABB-A272-DC3A87A4B6B3}.Release|Any CPU.Build.0 = Release|Any CPU
	EndGlobalSection
	GlobalSection(SolutionProperties) = preSolution
		HideSolutionNode = FALSE
	EndGlobalSection
	GlobalSection(ExtensibilityGlobals) = postSolution
		SolutionGuid = {4D892686-41F8-4378-A692-2CB8B7A6136C}
	EndGlobalSection
EndGlobal
